Microsoft Visual Studio Solution File, Format Version 12.00
# Visual Studio Version 17
VisualStudioVersion = 17.5.2.0
MinimumVisualStudioVersion = 10.0.40219.1
Project("{FAE04EC0-301F-11D3-BF4B-00C04F79EFBC}") = "Embyr", "Embyr.csproj", "{96EB703C-2E24-1615-C3BF-6C2C6D4BAB37}"
EndProject
Global
	GlobalSection(SolutionConfigurationPlatforms) = preSolution
		Debug|Any CPU = Debug|Any CPU
		Release|Any CPU = Release|Any CPU
	EndGlobalSection
	GlobalSection(ProjectConfigurationPlatforms) = postSolution
		{96EB703C-2E24-1615-C3BF-6C2C6D4BAB37}.Debug|Any CPU.ActiveCfg = Debug|Any CPU
		{96EB703C-2E24-1615-C3BF-6C2C6D4BAB37}.Debug|Any CPU.Build.0 = Debug|Any CPU
		{96EB703C-2E24-1615-C3BF-6C2C6D4BAB37}.Release|Any CPU.ActiveCfg = Release|Any CPU
		{96EB703C-2E24-1615-C3BF-6C2C6D4BAB37}.Release|Any CPU.Build.0 = Release|Any CPU
	EndGlobalSection
	GlobalSection(SolutionProperties) = preSolution
		HideSolutionNode = FALSE
	EndGlobalSection
	GlobalSection(ExtensibilityGlobals) = postSolution
		SolutionGuid = {FFD5EF69-AC59-4261-A52D-5E6C6D47B097}
	EndGlobalSection
EndGlobal
